
Microsoft Visual Studio Solution File, Format Version 12.00
# Visual Studio Version 17
VisualStudioVersion = 17.14.37111.16 d17.14
MinimumVisualStudioVersion = 10.0.40219.1
Project("{FAE04EC0-301F-11D3-BF4B-00C04F79EFBC}") = "Klimova_EHU", "Klimova_EHU.csproj", "{3263A9C3-00E5-4679-BF3F-5F85E2564A86}"
EndProject
Global
	GlobalSection(SolutionConfigurationPlatforms) = preSolution
		Debug|Any CPU = Debug|Any CPU
		Release|Any CPU = Release|Any CPU
	EndGlobalSection
	GlobalSection(ProjectConfigurationPlatforms) = postSolution
		{3263A9C3-00E5-4679-BF3F-5F85E2564A86}.Debug|Any CPU.ActiveCfg = Debug|Any CPU
		{3263A9C3-00E5-4679-BF3F-5F85E2564A86}.Debug|Any CPU.Build.0 = Debug|Any CPU
		{3263A9C3-00E5-4679-BF3F-5F85E2564A86}.Release|Any CPU.ActiveCfg = Release|Any CPU
		{3263A9C3-00E5-4679-BF3F-5F85E2564A86}.Release|Any CPU.Build.0 = Release|Any CPU
	EndGlobalSection
	GlobalSection(SolutionProperties) = preSolution
		HideSolutionNode = FALSE
	EndGlobalSection
	GlobalSection(ExtensibilityGlobals) = postSolution
		SolutionGuid = {9ED2806A-4F89-4F0B-95D7-AF04BB1E43C3}
	EndGlobalSection
EndGlobal
